
Microsoft Visual Studio Solution File, Format Version 12.00
# Visual Studio Version 17
VisualStudioVersion = 17.3.32922.545
MinimumVisualStudioVersion = 10.0.40219.1
Project("{8BC9CEB8-8B4A-11D0-8D11-00A0C91BC942}") = "LR3.4", "LR3.4\LR3.4.vcxproj", "{55833FAE-8D26-4A22-ACAD-0F5EB8D3BD59}"
EndProject
Global
	GlobalSection(SolutionConfigurationPlatforms) = preSolution
		Debug|x64 = Debug|x64
		Debug|x86 = Debug|x86
		Release|x64 = Release|x64
		Release|x86 = Release|x86
	EndGlobalSection
	GlobalSection(ProjectConfigurationPlatforms) = postSolution
		{55833FAE-8D26-4A22-ACAD-0F5EB8D3BD59}.Debug|x64.ActiveCfg = Debug|x64
		{55833FAE-8D26-4A22-ACAD-0F5EB8D3BD59}.Debug|x64.Build.0 = Debug|x64
		{55833FAE-8D26-4A22-ACAD-0F5EB8D3BD59}.Debug|x86.ActiveCfg = Debug|Win32
		{55833FAE-8D26-4A22-ACAD-0F5EB8D3BD59}.Debug|x86.Build.0 = Debug|Win32
		{55833FAE-8D26-4A22-ACAD-0F5EB8D3BD59}.Release|x64.ActiveCfg = Release|x64
		{55833FAE-8D26-4A22-ACAD-0F5EB8D3BD59}.Release|x64.Build.0 = Release|x64
		{55833FAE-8D26-4A22-ACAD-0F5EB8D3BD59}.Release|x86.ActiveCfg = Release|Win32
		{55833FAE-8D26-4A22-ACAD-0F5EB8D3BD59}.Release|x86.Build.0 = Release|Win32
	EndGlobalSection
	GlobalSection(SolutionProperties) = preSolution
		HideSolutionNode = FALSE
	EndGlobalSection
	GlobalSection(ExtensibilityGlobals) = postSolution
		SolutionGuid = {0EAE3756-CD30-42BC-B1E1-A8EA1D2817E7}
	EndGlobalSection
EndGlobal
